PODS:
  - SDAutoLayout (2.2.1)

DEPENDENCIES:
  - SDAutoLayout (~> 2.2.1)

SPEC REPOS:
  https://github.com/cocoapods/specs.git:
    - SDAutoLayout

SPEC CHECKSUMS:
  SDAutoLayout: 8bf6b3bbc8b01f775d4defbb4fda2ace805461be

PODFILE CHECKSUM: 7517a354723ca34131d211b6d917985dca3c6d91

COCOAPODS: 1.5.2
